
Microsoft Visual Studio Solution File, Format Version 11.00
# Visual Studio 2010
Project("{FAE04EC0-301F-11D3-BF4B-00C04F79EFBC}") = "WxMVC.WebSite", "WxMVC\WxMVC.WebSite.csproj", "{DE350F77-E234-459D-A288-1A2196550B21}"
EndProject
Project("{FAE04EC0-301F-11D3-BF4B-00C04F79EFBC}") = "Tencent.Model", "Tencent.Model\Tencent.Model.csproj", "{CEA502D1-C98F-41D9-9F22-5E0BFE9823F7}"
EndProject
Project("{FAE04EC0-301F-11D3-BF4B-00C04F79EFBC}") = "Tencent.Util", "Tencent.Util\Tencent.Util.csproj", "{0FFBCBF1-3E45-4267-8B43-8334F12B12DE}"
EndProject
Project("{FAE04EC0-301F-11D3-BF4B-00C04F79EFBC}") = "Tencent.Weixin", "Tencent.Weixin\Tencent.Weixin.csproj", "{C509D30D-D35E-498B-BF8E-4662AB9A1504}"
EndProject
Project("{FAE04EC0-301F-11D3-BF4B-00C04F79EFBC}") = "WxMVC.Util", "WxMVC.Util\WxMVC.Util.csproj", "{ED3EC20A-44FC-4061-8571-B0771BAF1509}"
EndProject
Project("{FAE04EC0-301F-11D3-BF4B-00C04F79EFBC}") = "WxMVC.Model", "WxMVC.Model\WxMVC.Model.csproj", "{9AFBF3B3-F289-4EF5-A4E9-474D2BC06A55}"
EndProject
Project("{FAE04EC0-301F-11D3-BF4B-00C04F79EFBC}") = "WxMVC.DAL", "WxMVC.DAL\WxMVC.DAL.csproj", "{7804CDFB-C9C3-4E68-ACFB-382B69AB13BA}"
EndProject
Project("{FAE04EC0-301F-11D3-BF4B-00C04F79EFBC}") = "Tencent.MenuTools", "Tencent.MenuTools\Tencent.MenuTools.csproj", "{26C55191-368F-4EE7-BE23-2A1FF581DCF4}"
EndProject
Project("{FAE04EC0-301F-11D3-BF4B-00C04F79EFBC}") = "WxMVC.FrontEndForAvalonjs", "WxMVC.FrontEndForAvalonjs\WxMVC.FrontEndForAvalonjs.csproj", "{B24274FF-8E29-492D-8E01-49616D895550}"
EndProject
Global
	GlobalSection(SolutionConfigurationPlatforms) = preSolution
		Debug|Any CPU = Debug|Any CPU
		Debug|Mixed Platforms = Debug|Mixed Platforms
		Debug|x86 = Debug|x86
		Release|Any CPU = Release|Any CPU
		Release|Mixed Platforms = Release|Mixed Platforms
		Release|x86 = Release|x86
	EndGlobalSection
	GlobalSection(ProjectConfigurationPlatforms) = postSolution
		{DE350F77-E234-459D-A288-1A2196550B21}.Debug|Any CPU.ActiveCfg = Debug|Any CPU
		{DE350F77-E234-459D-A288-1A2196550B21}.Debug|Any CPU.Build.0 = Debug|Any CPU
		{DE350F77-E234-459D-A288-1A2196550B21}.Debug|Mixed Platforms.ActiveCfg = Debug|Any CPU
		{DE350F77-E234-459D-A288-1A2196550B21}.Debug|Mixed Platforms.Build.0 = Debug|Any CPU
		{DE350F77-E234-459D-A288-1A2196550B21}.Debug|x86.ActiveCfg = Debug|Any CPU
		{DE350F77-E234-459D-A288-1A2196550B21}.Release|Any CPU.ActiveCfg = Release|Any CPU
		{DE350F77-E234-459D-A288-1A2196550B21}.Release|Any CPU.Build.0 = Release|Any CPU
		{DE350F77-E234-459D-A288-1A2196550B21}.Release|Mixed Platforms.ActiveCfg = Release|Any CPU
		{DE350F77-E234-459D-A288-1A2196550B21}.Release|Mixed Platforms.Build.0 = Release|Any CPU
		{DE350F77-E234-459D-A288-1A2196550B21}.Release|x86.ActiveCfg = Release|Any CPU
		{CEA502D1-C98F-41D9-9F22-5E0BFE9823F7}.Debug|Any CPU.ActiveCfg = Debug|Any CPU
		{CEA502D1-C98F-41D9-9F22-5E0BFE9823F7}.Debug|Any CPU.Build.0 = Debug|Any CPU
		{CEA502D1-C98F-41D9-9F22-5E0BFE9823F7}.Debug|Mixed Platforms.ActiveCfg = Debug|Any CPU
		{CEA502D1-C98F-41D9-9F22-5E0BFE9823F7}.Debug|Mixed Platforms.Build.0 = Debug|Any CPU
		{CEA502D1-C98F-41D9-9F22-5E0BFE9823F7}.Debug|x86.ActiveCfg = Debug|Any CPU
		{CEA502D1-C98F-41D9-9F22-5E0BFE9823F7}.Release|Any CPU.ActiveCfg = Release|Any CPU
		{CEA502D1-C98F-41D9-9F22-5E0BFE9823F7}.Release|Any CPU.Build.0 = Release|Any CPU
		{CEA502D1-C98F-41D9-9F22-5E0BFE9823F7}.Release|Mixed Platforms.ActiveCfg = Release|Any CPU
		{CEA502D1-C98F-41D9-9F22-5E0BFE9823F7}.Release|Mixed Platforms.Build.0 = Release|Any CPU
		{CEA502D1-C98F-41D9-9F22-5E0BFE9823F7}.Release|x86.ActiveCfg = Release|Any CPU
		{0FFBCBF1-3E45-4267-8B43-8334F12B12DE}.Debug|Any CPU.ActiveCfg = Debug|Any CPU
		{0FFBCBF1-3E45-4267-8B43-8334F12B12DE}.Debug|Any CPU.Build.0 = Debug|Any CPU
		{0FFBCBF1-3E45-4267-8B43-8334F12B12DE}.Debug|Mixed Platforms.ActiveCfg = Debug|Any CPU
		{0FFBCBF1-3E45-4267-8B43-8334F12B12DE}.Debug|Mixed Platforms.Build.0 = Debug|Any CPU
		{0FFBCBF1-3E45-4267-8B43-8334F12B12DE}.Debug|x86.ActiveCfg = Debug|Any CPU
		{0FFBCBF1-3E45-4267-8B43-8334F12B12DE}.Release|Any CPU.ActiveCfg = Release|Any CPU
		{0FFBCBF1-3E45-4267-8B43-8334F12B12DE}.Release|Any CPU.Build.0 = Release|Any CPU
		{0FFBCBF1-3E45-4267-8B43-8334F12B12DE}.Release|Mixed Platforms.ActiveCfg = Release|Any CPU
		{0FFBCBF1-3E45-4267-8B43-8334F12B12DE}.Release|Mixed Platforms.Build.0 = Release|Any CPU
		{0FFBCBF1-3E45-4267-8B43-8334F12B12DE}.Release|x86.ActiveCfg = Release|Any CPU
		{C509D30D-D35E-498B-BF8E-4662AB9A1504}.Debug|Any CPU.ActiveCfg = Debug|Any CPU
		{C509D30D-D35E-498B-BF8E-4662AB9A1504}.Debug|Any CPU.Build.0 = Debug|Any CPU
		{C509D30D-D35E-498B-BF8E-4662AB9A1504}.Debug|Mixed Platforms.ActiveCfg = Debug|Any CPU
		{C509D30D-D35E-498B-BF8E-4662AB9A1504}.Debug|Mixed Platforms.Build.0 = Debug|Any CPU
		{C509D30D-D35E-498B-BF8E-4662AB9A1504}.Debug|x86.ActiveCfg = Debug|Any CPU
		{C509D30D-D35E-498B-BF8E-4662AB9A1504}.Release|Any CPU.ActiveCfg = Release|Any CPU
		{C509D30D-D35E-498B-BF8E-4662AB9A1504}.Release|Any CPU.Build.0 = Release|Any CPU
		{C509D30D-D35E-498B-BF8E-4662AB9A1504}.Release|Mixed Platforms.ActiveCfg = Release|Any CPU
		{C509D30D-D35E-498B-BF8E-4662AB9A1504}.Release|Mixed Platforms.Build.0 = Release|Any CPU
		{C509D30D-D35E-498B-BF8E-4662AB9A1504}.Release|x86.ActiveCfg = Release|Any CPU
		{ED3EC20A-44FC-4061-8571-B0771BAF1509}.Debug|Any CPU.ActiveCfg = Debug|Any CPU
		{ED3EC20A-44FC-4061-8571-B0771BAF1509}.Debug|Any CPU.Build.0 = Debug|Any CPU
		{ED3EC20A-44FC-4061-8571-B0771BAF1509}.Debug|Mixed Platforms.ActiveCfg = Debug|Any CPU
		{ED3EC20A-44FC-4061-8571-B0771BAF1509}.Debug|Mixed Platforms.Build.0 = Debug|Any CPU
		{ED3EC20A-44FC-4061-8571-B0771BAF1509}.Debug|x86.ActiveCfg = Debug|Any CPU
		{ED3EC20A-44FC-4061-8571-B0771BAF1509}.Release|Any CPU.ActiveCfg = Release|Any CPU
		{ED3EC20A-44FC-4061-8571-B0771BAF1509}.Release|Any CPU.Build.0 = Release|Any CPU
		{ED3EC20A-44FC-4061-8571-B0771BAF1509}.Release|Mixed Platforms.ActiveCfg = Release|Any CPU
		{ED3EC20A-44FC-4061-8571-B0771BAF1509}.Release|Mixed Platforms.Build.0 = Release|Any CPU
		{ED3EC20A-44FC-4061-8571-B0771BAF1509}.Release|x86.ActiveCfg = Release|Any CPU
		{9AFBF3B3-F289-4EF5-A4E9-474D2BC06A55}.Debug|Any CPU.ActiveCfg = Debug|Any CPU
		{9AFBF3B3-F289-4EF5-A4E9-474D2BC06A55}.Debug|Any CPU.Build.0 = Debug|Any CPU
		{9AFBF3B3-F289-4EF5-A4E9-474D2BC06A55}.Debug|Mixed Platforms.ActiveCfg = Debug|Any CPU
		{9AFBF3B3-F289-4EF5-A4E9-474D2BC06A55}.Debug|Mixed Platforms.Build.0 = Debug|Any CPU
		{9AFBF3B3-F289-4EF5-A4E9-474D2BC06A55}.Debug|x86.ActiveCfg = Debug|Any CPU
		{9AFBF3B3-F289-4EF5-A4E9-474D2BC06A55}.Release|Any CPU.ActiveCfg = Release|Any CPU
		{9AFBF3B3-F289-4EF5-A4E9-474D2BC06A55}.Release|Any CPU.Build.0 = Release|Any CPU
		{9AFBF3B3-F289-4EF5-A4E9-474D2BC06A55}.Release|Mixed Platforms.ActiveCfg = Release|Any CPU
		{9AFBF3B3-F289-4EF5-A4E9-474D2BC06A55}.Release|Mixed Platforms.Build.0 = Release|Any CPU
		{9AFBF3B3-F289-4EF5-A4E9-474D2BC06A55}.Release|x86.ActiveCfg = Release|Any CPU
		{7804CDFB-C9C3-4E68-ACFB-382B69AB13BA}.Debug|Any CPU.ActiveCfg = Debug|Any CPU
		{7804CDFB-C9C3-4E68-ACFB-382B69AB13BA}.Debug|Any CPU.Build.0 = Debug|Any CPU
		{7804CDFB-C9C3-4E68-ACFB-382B69AB13BA}.Debug|Mixed Platforms.ActiveCfg = Debug|Any CPU
		{7804CDFB-C9C3-4E68-ACFB-382B69AB13BA}.Debug|Mixed Platforms.Build.0 = Debug|Any CPU
		{7804CDFB-C9C3-4E68-ACFB-382B69AB13BA}.Debug|x86.ActiveCfg = Debug|Any CPU
		{7804CDFB-C9C3-4E68-ACFB-382B69AB13BA}.Release|Any CPU.ActiveCfg = Release|Any CPU
		{7804CDFB-C9C3-4E68-ACFB-382B69AB13BA}.Release|Any CPU.Build.0 = Release|Any CPU
		{7804CDFB-C9C3-4E68-ACFB-382B69AB13BA}.Release|Mixed Platforms.ActiveCfg = Release|Any CPU
		{7804CDFB-C9C3-4E68-ACFB-382B69AB13BA}.Release|Mixed Platforms.Build.0 = Release|Any CPU
		{7804CDFB-C9C3-4E68-ACFB-382B69AB13BA}.Release|x86.ActiveCfg = Release|Any CPU
		{26C55191-368F-4EE7-BE23-2A1FF581DCF4}.Debug|Any CPU.ActiveCfg = Debug|x86
		{26C55191-368F-4EE7-BE23-2A1FF581DCF4}.Debug|Mixed Platforms.ActiveCfg = Debug|x86
		{26C55191-368F-4EE7-BE23-2A1FF581DCF4}.Debug|Mixed Platforms.Build.0 = Debug|x86
		{26C55191-368F-4EE7-BE23-2A1FF581DCF4}.Debug|x86.ActiveCfg = Debug|x86
		{26C55191-368F-4EE7-BE23-2A1FF581DCF4}.Debug|x86.Build.0 = Debug|x86
		{26C55191-368F-4EE7-BE23-2A1FF581DCF4}.Release|Any CPU.ActiveCfg = Release|x86
		{26C55191-368F-4EE7-BE23-2A1FF581DCF4}.Release|Mixed Platforms.ActiveCfg = Release|x86
		{26C55191-368F-4EE7-BE23-2A1FF581DCF4}.Release|Mixed Platforms.Build.0 = Release|x86
		{26C55191-368F-4EE7-BE23-2A1FF581DCF4}.Release|x86.ActiveCfg = Release|x86
		{26C55191-368F-4EE7-BE23-2A1FF581DCF4}.Release|x86.Build.0 = Release|x86
		{B24274FF-8E29-492D-8E01-49616D895550}.Debug|Any CPU.ActiveCfg = Debug|Any CPU
		{B24274FF-8E29-492D-8E01-49616D895550}.Debug|Any CPU.Build.0 = Debug|Any CPU
		{B24274FF-8E29-492D-8E01-49616D895550}.Debug|Mixed Platforms.ActiveCfg = Debug|Any CPU
		{B24274FF-8E29-492D-8E01-49616D895550}.Debug|Mixed Platforms.Build.0 = Debug|Any CPU
		{B24274FF-8E29-492D-8E01-49616D895550}.Debug|x86.ActiveCfg = Debug|Any CPU
		{B24274FF-8E29-492D-8E01-49616D895550}.Release|Any CPU.ActiveCfg = Release|Any CPU
		{B24274FF-8E29-492D-8E01-49616D895550}.Release|Any CPU.Build.0 = Release|Any CPU
		{B24274FF-8E29-492D-8E01-49616D895550}.Release|Mixed Platforms.ActiveCfg = Release|Any CPU
		{B24274FF-8E29-492D-8E01-49616D895550}.Release|Mixed Platforms.Build.0 = Release|Any CPU
		{B24274FF-8E29-492D-8E01-49616D895550}.Release|x86.ActiveCfg = Release|Any CPU
	EndGlobalSection
	GlobalSection(SolutionProperties) = preSolution
		HideSolutionNode = FALSE
	EndGlobalSection
EndGlobal
